// !$*UTF8*$!
{
	archiveVersion = 1;
	classes = {
	};
	objectVersion = 56;
	objects = {

/* Begin PBXBuildFile section */
		50AA59A42C4532410062AE2B /* PlayingCards in Frameworks */ = {isa = PBXBuildFile; productRef = 50AA59A32C4532410062AE2B /* PlayingCards */; };
		50BF5F5C2C4528CA006E71FA /* AppDelegate.swift in Sources */ = {isa = PBXBuildFile; fileRef = 50BF5F5B2C4528CA006E71FA /* AppDelegate.swift */; };
		50BF5F5E2C4528CA006E71FA /* SceneDelegate.swift in Sources */ = {isa = PBXBuildFile; fileRef = 50BF5F5D2C4528CA006E71FA /* SceneDelegate.swift */; };
		50BF5F602C4528CA006E71FA /* ViewController.swift in Sources */ = {isa = PBXBuildFile; fileRef = 50BF5F5F2C4528CA006E71FA /* ViewController.swift */; };
		50BF5F632C4528CA006E71FA /* Base in Resources */ = {isa = PBXBuildFile; fileRef = 50BF5F622C4528CA006E71FA /* Base */; };
		50BF5F652C4528CB006E71FA /* Assets.xcassets in Resources */ = {isa = PBXBuildFile; fileRef = 50BF5F642C4528CB006E71FA /* Assets.xcassets */; };
		50BF5F682C4528CB006E71FA /* Base in Resources */ = {isa = PBXBuildFile; fileRef = 50BF5F672C4528CB006E71FA /* Base */; };
		50BF5F732C4528CB006E71FA /* HelloWorldTests.swift in Sources */ = {isa = PBXBuildFile; fileRef = 50BF5F722C4528CB006E71FA /* HelloWorldTests.swift */; };
		50BF5F7D2C4528CB006E71FA /* HelloWorldUITests.swift in Sources */ = {isa = PBXBuildFile; fileRef = 50BF5F7C2C4528CB006E71FA /* HelloWorldUITests.swift */; };
		50BF5F8E2C45295B006E71FA /* Algorithm.m in Sources */ = {isa = PBXBuildFile; fileRef = 50BF5F8D2C45295B006E71FA /* Algorithm.m */; };
		50BF5F922C452B19006E71FA /* DestinationViewController.swift in Sources */ = {isa = PBXBuildFile; fileRef = 50BF5F912C452B19006E71FA /* DestinationViewController.swift */; };
		5FE2C8738D985F2CC388D8AF /* Pods_HelloWorld.framework in Frameworks */ = {isa = PBXBuildFile; fileRef = 07342D1C2C45EB531721F2D5 /* Pods_HelloWorld.framework */; };
		66921A02A298A2AF40658680 /* Pods_HelloWorldTests.framework in Frameworks */ = {isa = PBXBuildFile; fileRef = 50AA59992C45304D0062AE2B /* Pods_HelloWorldTests.framework */; };
		DAABD7DE5E493FB825799B5C /* Pods_HelloWorldTests.framework in Frameworks */ = {isa = PBXBuildFile; fileRef = 0C9F3835577DB6BEBD236A4F /* Pods_HelloWorldTests.framework */; };
/* End PBXBuildFile section */

/* Begin PBXContainerItemProxy section */
		50BF5F6F2C4528CB006E71FA /* PBXContainerItemProxy */ = {
			isa = PBXContainerItemProxy;
			containerPortal = 50BF5F502C4528CA006E71FA /* Project object */;
			proxyType = 1;
			remoteGlobalIDString = 50BF5F572C4528CA006E71FA;
			remoteInfo = HelloWorld;
		};
		50BF5F792C4528CB006E71FA /* PBXContainerItemProxy */ = {
			isa = PBXContainerItemProxy;
			containerPortal = 50BF5F502C4528CA006E71FA /* Project object */;
			proxyType = 1;
			remoteGlobalIDString = 50BF5F572C4528CA006E71FA;
			remoteInfo = HelloWorld;
		};
/* End PBXContainerItemProxy section */

/* Begin PBXFileReference section */
		07342D1C2C45EB531721F2D5 /* Pods_HelloWorld.framework */ = {isa = PBXFileReference; explicitFileType = wrapper.framework; includeInIndex = 0; path = Pods_HelloWorld.framework; sourceTree = BUILT_PRODUCTS_DIR; };
		0C9F3835577DB6BEBD236A4F /* Pods_HelloWorldTests.framework */ = {isa = PBXFileReference; explicitFileType = wrapper.framework; includeInIndex = 0; path = Pods_HelloWorldTests.framework; sourceTree = BUILT_PRODUCTS_DIR; };
		50AA59952C4530110062AE2B /* OCHamcrest.framework */ = {isa = PBXFileReference; explicitFileType = wrapper.framework; path = OCHamcrest.framework; sourceTree = BUILT_PRODUCTS_DIR; };
		50AA59972C4530110062AE2B /* SVProgressHUD.framework */ = {isa = PBXFileReference; explicitFileType = wrapper.framework; path = SVProgressHUD.framework; sourceTree = BUILT_PRODUCTS_DIR; };
		50AA59992C45304D0062AE2B /* Pods_HelloWorldTests.framework */ = {isa = PBXFileReference; explicitFileType = wrapper.framework; path = Pods_HelloWorldTests.framework; sourceTree = BUILT_PRODUCTS_DIR; };
		50AA599B2C45305D0062AE2B /* OCHamcrest.framework */ = {isa = PBXFileReference; explicitFileType = wrapper.framework; path = OCHamcrest.framework; sourceTree = BUILT_PRODUCTS_DIR; };
		50AA599F2C45306C0062AE2B /* SVProgressHUD.framework */ = {isa = PBXFileReference; explicitFileType = wrapper.framework; path = SVProgressHUD.framework; sourceTree = BUILT_PRODUCTS_DIR; };
		50BF5F582C4528CA006E71FA /* HelloWorld.app */ = {isa = PBXFileReference; explicitFileType = wrapper.application; includeInIndex = 0; path = HelloWorld.app; sourceTree = BUILT_PRODUCTS_DIR; };
		50BF5F5B2C4528CA006E71FA /* AppDelegate.swift */ = {isa = PBXFileReference; lastKnownFileType = sourcecode.swift; path = AppDelegate.swift; sourceTree = "<group>"; };
		50BF5F5D2C4528CA006E71FA /* SceneDelegate.swift */ = {isa = PBXFileReference; lastKnownFileType = sourcecode.swift; path = SceneDelegate.swift; sourceTree = "<group>"; };
		50BF5F5F2C4528CA006E71FA /* ViewController.swift */ = {isa = PBXFileReference; lastKnownFileType = sourcecode.swift; path = ViewController.swift; sourceTree = "<group>"; };
		50BF5F622C4528CA006E71FA /* Base */ = {isa = PBXFileReference; lastKnownFileType = file.storyboard; name = Base; path = Base.lproj/Main.storyboard; sourceTree = "<group>"; };
		50BF5F642C4528CB006E71FA /* Assets.xcassets */ = {isa = PBXFileReference; lastKnownFileType = folder.assetcatalog; path = Assets.xcassets; sourceTree = "<group>"; };
		50BF5F672C4528CB006E71FA /* Base */ = {isa = PBXFileReference; lastKnownFileType = file.storyboard; name = Base; path = Base.lproj/LaunchScreen.storyboard; sourceTree = "<group>"; };
		50BF5F692C4528CB006E71FA /* Info.plist */ = {isa = PBXFileReference; lastKnownFileType = text.plist.xml; path = Info.plist; sourceTree = "<group>"; };
		50BF5F6E2C4528CB006E71FA /* HelloWorldTests.xctest */ = {isa = PBXFileReference; explicitFileType = wrapper.cfbundle; includeInIndex = 0; path = HelloWorldTests.xctest; sourceTree = BUILT_PRODUCTS_DIR; };
		50BF5F722C4528CB006E71FA /* HelloWorldTests.swift */ = {isa = PBXFileReference; lastKnownFileType = sourcecode.swift; path = HelloWorldTests.swift; sourceTree = "<group>"; };
		50BF5F782C4528CB006E71FA /* HelloWorldUITests.xctest */ = {isa = PBXFileReference; explicitFileType = wrapper.cfbundle; includeInIndex = 0; path = HelloWorldUITests.xctest; sourceTree = BUILT_PRODUCTS_DIR; };
		50BF5F7C2C4528CB006E71FA /* HelloWorldUITests.swift */ = {isa = PBXFileReference; lastKnownFileType = sourcecode.swift; path = HelloWorldUITests.swift; sourceTree = "<group>"; };
		50BF5F8B2C45295A006E71FA /* HelloWorld-Bridging-Header.h */ = {isa = PBXFileReference; lastKnownFileType = sourcecode.c.h; path = "HelloWorld-Bridging-Header.h"; sourceTree = "<group>"; };
		50BF5F8C2C45295B006E71FA /* Algorithm.h */ = {isa = PBXFileReference; lastKnownFileType = sourcecode.c.h; path = Algorithm.h; sourceTree = "<group>"; };
		50BF5F8D2C45295B006E71FA /* Algorithm.m */ = {isa = PBXFileReference; lastKnownFileType = sourcecode.c.objc; path = Algorithm.m; sourceTree = "<group>"; };
		50BF5F902C452A14006E71FA /* HelloWorldTests-Bridging-Header.h */ = {isa = PBXFileReference; lastKnownFileType = sourcecode.c.h; path = "HelloWorldTests-Bridging-Header.h"; sourceTree = "<group>"; };
		50BF5F912C452B19006E71FA /* DestinationViewController.swift */ = {isa = PBXFileReference; lastKnownFileType = sourcecode.swift; path = DestinationViewController.swift; sourceTree = "<group>"; };
		50FC9F392C453622008FAC47 /* OCHamcrest.framework */ = {isa = PBXFileReference; explicitFileType = wrapper.framework; path = OCHamcrest.framework; sourceTree = BUILT_PRODUCTS_DIR; };
		50FC9F3A2C453622008FAC47 /* SVProgressHUD.framework */ = {isa = PBXFileReference; explicitFileType = wrapper.framework; path = SVProgressHUD.framework; sourceTree = BUILT_PRODUCTS_DIR; };
		A376CDEB18562A7257D05B6F /* Pods-HelloWorld.debug.xcconfig */ = {isa = PBXFileReference; includeInIndex = 1; lastKnownFileType = text.xcconfig; name = "Pods-HelloWorld.debug.xcconfig"; path = "Target Support Files/Pods-HelloWorld/Pods-HelloWorld.debug.xcconfig"; sourceTree = "<group>"; };
		A9C854586EB9192D34766217 /* Pods-HelloWorldTests.debug.xcconfig */ = {isa = PBXFileReference; includeInIndex = 1; lastKnownFileType = text.xcconfig; name = "Pods-HelloWorldTests.debug.xcconfig"; path = "Target Support Files/Pods-HelloWorldTests/Pods-HelloWorldTests.debug.xcconfig"; sourceTree = "<group>"; };
		B1B00B7E75CBBBAB84AFDC99 /* Pods-HelloWorld.release.xcconfig */ = {isa = PBXFileReference; includeInIndex = 1; lastKnownFileType = text.xcconfig; name = "Pods-HelloWorld.release.xcconfig"; path = "Target Support Files/Pods-HelloWorld/Pods-HelloWorld.release.xcconfig"; sourceTree = "<group>"; };
		E2552682A1B309E05EF8D27A /* Pods-HelloWorldTests.release.xcconfig */ = {isa = PBXFileReference; includeInIndex = 1; lastKnownFileType = text.xcconfig; name = "Pods-HelloWorldTests.release.xcconfig"; path = "Target Support Files/Pods-HelloWorldTests/Pods-HelloWorldTests.release.xcconfig"; sourceTree = "<group>"; };
/* End PBXFileReference section */

/* Begin PBXFrameworksBuildPhase section */
		50BF5F552C4528CA006E71FA /* Frameworks */ = {
			isa = PBXFrameworksBuildPhase;
			buildActionMask = 2147483647;
			files = (
				5FE2C8738D985F2CC388D8AF /* Pods_HelloWorld.framework in Frameworks */,
				50AA59A42C4532410062AE2B /* PlayingCards in Frameworks */,
			);
			runOnlyForDeploymentPostprocessing = 0;
		};
		50BF5F6B2C4528CB006E71FA /* Frameworks */ = {
			isa = PBXFrameworksBuildPhase;
			buildActionMask = 2147483647;
			files = (
				DAABD7DE5E493FB825799B5C /* Pods_HelloWorldTests.framework in Frameworks */,
				66921A02A298A2AF40658680 /* Pods_HelloWorldTests.framework in Frameworks */,
			);
			runOnlyForDeploymentPostprocessing = 0;
		};
		50BF5F752C4528CB006E71FA /* Frameworks */ = {
			isa = PBXFrameworksBuildPhase;
			buildActionMask = 2147483647;
			files = (
			);
			runOnlyForDeploymentPostprocessing = 0;
		};
/* End PBXFrameworksBuildPhase section */

/* Begin PBXGroup section */
		50BF5F4F2C4528CA006E71FA = {
			isa = PBXGroup;
			children = (
				50BF5F5A2C4528CA006E71FA /* HelloWorld */,
				50BF5F712C4528CB006E71FA /* HelloWorldTests */,
				50BF5F7B2C4528CB006E71FA /* HelloWorldUITests */,
				50BF5F592C4528CA006E71FA /* Products */,
				65A64E06F694B2A70F7FDAFB /* Pods */,
				8137434027F09DB2EDD168D1 /* Frameworks */,
			);
			sourceTree = "<group>";
		};
		50BF5F592C4528CA006E71FA /* Products */ = {
			isa = PBXGroup;
			children = (
				50BF5F582C4528CA006E71FA /* HelloWorld.app */,
				50BF5F6E2C4528CB006E71FA /* HelloWorldTests.xctest */,
				50BF5F782C4528CB006E71FA /* HelloWorldUITests.xctest */,
			);
			name = Products;
			sourceTree = "<group>";
		};
		50BF5F5A2C4528CA006E71FA /* HelloWorld */ = {
			isa = PBXGroup;
			children = (
				50BF5F8B2C45295A006E71FA /* HelloWorld-Bridging-Header.h */,
				50BF5F5B2C4528CA006E71FA /* AppDelegate.swift */,
				50BF5F5D2C4528CA006E71FA /* SceneDelegate.swift */,
				50BF5F5F2C4528CA006E71FA /* ViewController.swift */,
				50BF5F912C452B19006E71FA /* DestinationViewController.swift */,
				50BF5F612C4528CA006E71FA /* Main.storyboard */,
				50BF5F642C4528CB006E71FA /* Assets.xcassets */,
				50BF5F662C4528CB006E71FA /* LaunchScreen.storyboard */,
				50BF5F692C4528CB006E71FA /* Info.plist */,
				50BF5F8C2C45295B006E71FA /* Algorithm.h */,
				50BF5F8D2C45295B006E71FA /* Algorithm.m */,
			);
			path = HelloWorld;
			sourceTree = "<group>";
		};
		50BF5F712C4528CB006E71FA /* HelloWorldTests */ = {
			isa = PBXGroup;
			children = (
				50BF5F902C452A14006E71FA /* HelloWorldTests-Bridging-Header.h */,
				50BF5F722C4528CB006E71FA /* HelloWorldTests.swift */,
			);
			path = HelloWorldTests;
			sourceTree = "<group>";
		};
		50BF5F7B2C4528CB006E71FA /* HelloWorldUITests */ = {
			isa = PBXGroup;
			children = (
				50BF5F7C2C4528CB006E71FA /* HelloWorldUITests.swift */,
			);
			path = HelloWorldUITests;
			sourceTree = "<group>";
		};
		65A64E06F694B2A70F7FDAFB /* Pods */ = {
			isa = PBXGroup;
			children = (
				A376CDEB18562A7257D05B6F /* Pods-HelloWorld.debug.xcconfig */,
				B1B00B7E75CBBBAB84AFDC99 /* Pods-HelloWorld.release.xcconfig */,
				A9C854586EB9192D34766217 /* Pods-HelloWorldTests.debug.xcconfig */,
				E2552682A1B309E05EF8D27A /* Pods-HelloWorldTests.release.xcconfig */,
			);
			path = Pods;
			sourceTree = "<group>";
		};
		8137434027F09DB2EDD168D1 /* Frameworks */ = {
			isa = PBXGroup;
			children = (
				50FC9F392C453622008FAC47 /* OCHamcrest.framework */,
				50FC9F3A2C453622008FAC47 /* SVProgressHUD.framework */,
				50AA599F2C45306C0062AE2B /* SVProgressHUD.framework */,
				50AA599B2C45305D0062AE2B /* OCHamcrest.framework */,
				50AA59992C45304D0062AE2B /* Pods_HelloWorldTests.framework */,
				50AA59952C4530110062AE2B /* OCHamcrest.framework */,
				50AA59972C4530110062AE2B /* SVProgressHUD.framework */,
				07342D1C2C45EB531721F2D5 /* Pods_HelloWorld.framework */,
				0C9F3835577DB6BEBD236A4F /* Pods_HelloWorldTests.framework */,
			);
			name = Frameworks;
			sourceTree = "<group>";
		};
/* End PBXGroup section */

/* Begin PBXNativeTarget section */
		50BF5F572C4528CA006E71FA /* HelloWorld */ = {
			isa = PBXNativeTarget;
			buildConfigurationList = 50BF5F822C4528CB006E71FA /* Build configuration list for PBXNativeTarget "HelloWorld" */;
			buildPhases = (
				26BE7936E2A3E53C25F25006 /* [CP] Check Pods Manifest.lock */,
				50BF5F542C4528CA006E71FA /* Sources */,
				50BF5F552C4528CA006E71FA /* Frameworks */,
				50BF5F562C4528CA006E71FA /* Resources */,
				50241A844F7840AECDB740C8 /* [CP] Embed Pods Frameworks */,
			);
			buildRules = (
			);
			dependencies = (
			);
			name = HelloWorld;
			packageProductDependencies = (
				50AA59A32C4532410062AE2B /* PlayingCards */,
			);
			productName = HelloWorld;
			productReference = 50BF5F582C4528CA006E71FA /* HelloWorld.app */;
			productType = "com.apple.product-type.application";
		};
		50BF5F6D2C4528CB006E71FA /* HelloWorldTests */ = {
			isa = PBXNativeTarget;
			buildConfigurationList = 50BF5F852C4528CB006E71FA /* Build configuration list for PBXNativeTarget "HelloWorldTests" */;
			buildPhases = (
				1FB4F9F05C486DAFAC161FCA /* [CP] Check Pods Manifest.lock */,
				50BF5F6A2C4528CB006E71FA /* Sources */,
				50BF5F6B2C4528CB006E71FA /* Frameworks */,
				50BF5F6C2C4528CB006E71FA /* Resources */,
				EF1356008B5620FCCABB52EC /* [CP] Embed Pods Frameworks */,
			);
			buildRules = (
			);
			dependencies = (
				50BF5F702C4528CB006E71FA /* PBXTargetDependency */,
			);
			name = HelloWorldTests;
			productName = HelloWorldTests;
			productReference = 50BF5F6E2C4528CB006E71FA /* HelloWorldTests.xctest */;
			productType = "com.apple.product-type.bundle.unit-test";
		};
		50BF5F772C4528CB006E71FA /* HelloWorldUITests */ = {
			isa = PBXNativeTarget;
			buildConfigurationList = 50BF5F882C4528CB006E71FA /* Build configuration list for PBXNativeTarget "HelloWorldUITests" */;
			buildPhases = (
				50BF5F742C4528CB006E71FA /* Sources */,
				50BF5F752C4528CB006E71FA /* Frameworks */,
				50BF5F762C4528CB006E71FA /* Resources */,
			);
			buildRules = (
			);
			dependencies = (
				50BF5F7A2C4528CB006E71FA /* PBXTargetDependency */,
			);
			name = HelloWorldUITests;
			productName = HelloWorldUITests;
			productReference = 50BF5F782C4528CB006E71FA /* HelloWorldUITests.xctest */;
			productType = "com.apple.product-type.bundle.ui-testing";
		};
/* End PBXNativeTarget section */

/* Begin PBXProject section */
		50BF5F502C4528CA006E71FA /* Project object */ = {
			isa = PBXProject;
			attributes = {
				BuildIndependentTargetsInParallel = 1;
				LastSwiftUpdateCheck = 1540;
				LastUpgradeCheck = 1540;
				TargetAttributes = {
					50BF5F572C4528CA006E71FA = {
						CreatedOnToolsVersion = 15.4;
						LastSwiftMigration = 1540;
					};
					50BF5F6D2C4528CB006E71FA = {
						CreatedOnToolsVersion = 15.4;
						TestTargetID = 50BF5F572C4528CA006E71FA;
					};
					50BF5F772C4528CB006E71FA = {
						CreatedOnToolsVersion = 15.4;
						TestTargetID = 50BF5F572C4528CA006E71FA;
					};
				};
			};
			buildConfigurationList = 50BF5F532C4528CA006E71FA /* Build configuration list for PBXProject "HelloWorld" */;
			compatibilityVersion = "Xcode 14.0";
			developmentRegion = en;
			hasScannedForEncodings = 0;
			knownRegions = (
				en,
				Base,
			);
			mainGroup = 50BF5F4F2C4528CA006E71FA;
			packageReferences = (
				50AA59A22C4532410062AE2B /* XCRemoteSwiftPackageReference "playing-cards" */,
			);
			productRefGroup = 50BF5F592C4528CA006E71FA /* Products */;
			projectDirPath = "";
			projectRoot = "";
			targets = (
				50BF5F572C4528CA006E71FA /* HelloWorld */,
				50BF5F6D2C4528CB006E71FA /* HelloWorldTests */,
				50BF5F772C4528CB006E71FA /* HelloWorldUITests */,
			);
		};
/* End PBXProject section */

/* Begin PBXResourcesBuildPhase section */
		50BF5F562C4528CA006E71FA /* Resources */ = {
			isa = PBXResourcesBuildPhase;
			buildActionMask = 2147483647;
			files = (
				50BF5F652C4528CB006E71FA /* Assets.xcassets in Resources */,
				50BF5F682C4528CB006E71FA /* Base in Resources */,
				50BF5F632C4528CA006E71FA /* Base in Resources */,
			);
			runOnlyForDeploymentPostprocessing = 0;
		};
		50BF5F6C2C4528CB006E71FA /* Resources */ = {
			isa = PBXResourcesBuildPhase;
			buildActionMask = 2147483647;
			files = (
			);
			runOnlyForDeploymentPostprocessing = 0;
		};
		50BF5F762C4528CB006E71FA /* Resources */ = {
			isa = PBXResourcesBuildPhase;
			buildActionMask = 2147483647;
			files = (
			);
			runOnlyForDeploymentPostprocessing = 0;
		};
/* End PBXResourcesBuildPhase section */

/* Begin PBXShellScriptBuildPhase section */
		1FB4F9F05C486DAFAC161FCA /* [CP] Check Pods Manifest.lock */ = {
			isa = PBXShellScriptBuildPhase;
			buildActionMask = 2147483647;
			files = (
			);
			inputFileListPaths = (
			);
			inputPaths = (
				"${PODS_PODFILE_DIR_PATH}/Podfile.lock",
				"${PODS_ROOT}/Manifest.lock",
			);
			name = "[CP] Check Pods Manifest.lock";
			outputFileListPaths = (
			);
			outputPaths = (
				"$(DERIVED_FILE_DIR)/Pods-HelloWorldTests-checkManifestLockResult.txt",
			);
			runOnlyForDeploymentPostprocessing = 0;
			shellPath = /bin/sh;
			shellScript = "diff \"${PODS_PODFILE_DIR_PATH}/Podfile.lock\" \"${PODS_ROOT}/Manifest.lock\" > /dev/null\nif [ $? != 0 ] ; then\n    # print error to STDERR\n    echo \"error: The sandbox is not in sync with the Podfile.lock. Run 'pod install' or update your CocoaPods installation.\" >&2\n    exit 1\nfi\n# This output is used by Xcode 'outputs' to avoid re-running this script phase.\necho \"SUCCESS\" > \"${SCRIPT_OUTPUT_FILE_0}\"\n";
			showEnvVarsInLog = 0;
		};
		26BE7936E2A3E53C25F25006 /* [CP] Check Pods Manifest.lock */ = {
			isa = PBXShellScriptBuildPhase;
			buildActionMask = 2147483647;
			files = (
			);
			inputFileListPaths = (
			);
			inputPaths = (
				"${PODS_PODFILE_DIR_PATH}/Podfile.lock",
				"${PODS_ROOT}/Manifest.lock",
			);
			name = "[CP] Check Pods Manifest.lock";
			outputFileListPaths = (
			);
			outputPaths = (
				"$(DERIVED_FILE_DIR)/Pods-HelloWorld-checkManifestLockResult.txt",
			);
			runOnlyForDeploymentPostprocessing = 0;
			shellPath = /bin/sh;
			shellScript = "diff \"${PODS_PODFILE_DIR_PATH}/Podfile.lock\" \"${PODS_ROOT}/Manifest.lock\" > /dev/null\nif [ $? != 0 ] ; then\n    # print error to STDERR\n    echo \"error: The sandbox is not in sync with the Podfile.lock. Run 'pod install' or update your CocoaPods installation.\" >&2\n    exit 1\nfi\n# This output is used by Xcode 'outputs' to avoid re-running this script phase.\necho \"SUCCESS\" > \"${SCRIPT_OUTPUT_FILE_0}\"\n";
			showEnvVarsInLog = 0;
		};
		50241A844F7840AECDB740C8 /* [CP] Embed Pods Frameworks */ = {
			isa = PBXShellScriptBuildPhase;
			buildActionMask = 2147483647;
			files = (
			);
			inputFileListPaths = (
				"${PODS_ROOT}/Target Support Files/Pods-HelloWorld/Pods-HelloWorld-frameworks-${CONFIGURATION}-input-files.xcfilelist",
			);
			name = "[CP] Embed Pods Frameworks";
			outputFileListPaths = (
				"${PODS_ROOT}/Target Support Files/Pods-HelloWorld/Pods-HelloWorld-frameworks-${CONFIGURATION}-output-files.xcfilelist",
			);
			runOnlyForDeploymentPostprocessing = 0;
			shellPath = /bin/sh;
			shellScript = "\"${PODS_ROOT}/Target Support Files/Pods-HelloWorld/Pods-HelloWorld-frameworks.sh\"\n";
			showEnvVarsInLog = 0;
		};
		EF1356008B5620FCCABB52EC /* [CP] Embed Pods Frameworks */ = {
			isa = PBXShellScriptBuildPhase;
			buildActionMask = 2147483647;
			files = (
			);
			inputFileListPaths = (
				"${PODS_ROOT}/Target Support Files/Pods-HelloWorldTests/Pods-HelloWorldTests-frameworks-${CONFIGURATION}-input-files.xcfilelist",
			);
			name = "[CP] Embed Pods Frameworks";
			outputFileListPaths = (
				"${PODS_ROOT}/Target Support Files/Pods-HelloWorldTests/Pods-HelloWorldTests-frameworks-${CONFIGURATION}-output-files.xcfilelist",
			);
			runOnlyForDeploymentPostprocessing = 0;
			shellPath = /bin/sh;
			shellScript = "\"${PODS_ROOT}/Target Support Files/Pods-HelloWorldTests/Pods-HelloWorldTests-frameworks.sh\"\n";
			showEnvVarsInLog = 0;
		};
/* End PBXShellScriptBuildPhase section */

/* Begin PBXSourcesBuildPhase section */
		50BF5F542C4528CA006E71FA /* Sources */ = {
			isa = PBXSourcesBuildPhase;
			buildActionMask = 2147483647;
			files = (
				50BF5F602C4528CA006E71FA /* ViewController.swift in Sources */,
				50BF5F8E2C45295B006E71FA /* Algorithm.m in Sources */,
				50BF5F5C2C4528CA006E71FA /* AppDelegate.swift in Sources */,
				50BF5F5E2C4528CA006E71FA /* SceneDelegate.swift in Sources */,
				50BF5F922C452B19006E71FA /* DestinationViewController.swift in Sources */,
			);
			runOnlyForDeploymentPostprocessing = 0;
		};
		50BF5F6A2C4528CB006E71FA /* Sources */ = {
			isa = PBXSourcesBuildPhase;
			buildActionMask = 2147483647;
			files = (
				50BF5F732C4528CB006E71FA /* HelloWorldTests.swift in Sources */,
			);
			runOnlyForDeploymentPostprocessing = 0;
		};
		50BF5F742C4528CB006E71FA /* Sources */ = {
			isa = PBXSourcesBuildPhase;
			buildActionMask = 2147483647;
			files = (
				50BF5F7D2C4528CB006E71FA /* HelloWorldUITests.swift in Sources */,
			);
			runOnlyForDeploymentPostprocessing = 0;
		};
/* End PBXSourcesBuildPhase section */

/* Begin PBXTargetDependency section */
		50BF5F702C4528CB006E71FA /* PBXTargetDependency */ = {
			isa = PBXTargetDependency;
			target = 50BF5F572C4528CA006E71FA /* HelloWorld */;
			targetProxy = 50BF5F6F2C4528CB006E71FA /* PBXContainerItemProxy */;
		};
		50BF5F7A2C4528CB006E71FA /* PBXTargetDependency */ = {
			isa = PBXTargetDependency;
			target = 50BF5F572C4528CA006E71FA /* HelloWorld */;
			targetProxy = 50BF5F792C4528CB006E71FA /* PBXContainerItemProxy */;
		};
/* End PBXTargetDependency section */

/* Begin PBXVariantGroup section */
		50BF5F612C4528CA006E71FA /* Main.storyboard */ = {
			isa = PBXVariantGroup;
			children = (
				50BF5F622C4528CA006E71FA /* Base */,
			);
			name = Main.storyboard;
			sourceTree = "<group>";
		};
		50BF5F662C4528CB006E71FA /* LaunchScreen.storyboard */ = {
			isa = PBXVariantGroup;
			children = (
				50BF5F672C4528CB006E71FA /* Base */,
			);
			name = LaunchScreen.storyboard;
			sourceTree = "<group>";
		};
/* End PBXVariantGroup section */

/* Begin XCBuildConfiguration section */
		50BF5F802C4528CB006E71FA /* Debug */ = {
			isa = XCBuildConfiguration;
			buildSettings = {
				ALWAYS_SEARCH_USER_PATHS = NO;
				ASSETCATALOG_COMPILER_GENERATE_SWIFT_ASSET_SYMBOL_EXTENSIONS = YES;
				CLANG_ANALYZER_NONNULL = YES;
				CLANG_ANALYZER_NUMBER_OBJECT_CONVERSION = YES_AGGRESSIVE;
				CLANG_CXX_LANGUAGE_STANDARD = "gnu++20";
				CLANG_ENABLE_MODULES = YES;
				CLANG_ENABLE_OBJC_ARC = YES;
				CLANG_ENABLE_OBJC_WEAK = YES;
				CLANG_WARN_BLOCK_CAPTURE_AUTORELEASING = YES;
				CLANG_WARN_BOOL_CONVERSION = YES;
				CLANG_WARN_COMMA = YES;
				CLANG_WARN_CONSTANT_CONVERSION = YES;
				CLANG_WARN_DEPRECATED_OBJC_IMPLEMENTATIONS = YES;
				CLANG_WARN_DIRECT_OBJC_ISA_USAGE = YES_ERROR;
				CLANG_WARN_DOCUMENTATION_COMMENTS = YES;
				CLANG_WARN_EMPTY_BODY = YES;
				CLANG_WARN_ENUM_CONVERSION = YES;
				CLANG_WARN_INFINITE_RECURSION = YES;
				CLANG_WARN_INT_CONVERSION = YES;
				CLANG_WARN_NON_LITERAL_NULL_CONVERSION = YES;
				CLANG_WARN_OBJC_IMPLICIT_RETAIN_SELF = YES;
				CLANG_WARN_OBJC_LITERAL_CONVERSION = YES;
				CLANG_WARN_OBJC_ROOT_CLASS = YES_ERROR;
				CLANG_WARN_QUOTED_INCLUDE_IN_FRAMEWORK_HEADER = YES;
				CLANG_WARN_RANGE_LOOP_ANALYSIS = YES;
				CLANG_WARN_STRICT_PROTOTYPES = YES;
				CLANG_WARN_SUSPICIOUS_MOVE = YES;
				CLANG_WARN_UNGUARDED_AVAILABILITY = YES_AGGRESSIVE;
				CLANG_WARN_UNREACHABLE_CODE = YES;
				CLANG_WARN__DUPLICATE_METHOD_MATCH = YES;
				COPY_PHASE_STRIP = NO;
				DEBUG_INFORMATION_FORMAT = dwarf;
				ENABLE_STRICT_OBJC_MSGSEND = YES;
				ENABLE_TESTABILITY = YES;
				ENABLE_USER_SCRIPT_SANDBOXING = YES;
				GCC_C_LANGUAGE_STANDARD = gnu17;
				GCC_DYNAMIC_NO_PIC = NO;
				GCC_NO_COMMON_BLOCKS = YES;
				GCC_OPTIMIZATION_LEVEL = 0;
				GCC_PREPROCESSOR_DEFINITIONS = (
					"DEBUG=1",
					"$(inherited)",
				);
				GCC_WARN_64_TO_32_BIT_CONVERSION = YES;
				GCC_WARN_ABOUT_RETURN_TYPE = YES_ERROR;
				GCC_WARN_UNDECLARED_SELECTOR = YES;
				GCC_WARN_UNINITIALIZED_AUTOS = YES_AGGRESSIVE;
				GCC_WARN_UNUSED_FUNCTION = YES;
				GCC_WARN_UNUSED_VARIABLE = YES;
				IPHONEOS_DEPLOYMENT_TARGET = 15.0;
				LOCALIZATION_PREFERS_STRING_CATALOGS = YES;
				MTL_ENABLE_DEBUG_INFO = INCLUDE_SOURCE;
				MTL_FAST_MATH = YES;
				ONLY_ACTIVE_ARCH = YES;
				SDKROOT = iphoneos;
				SWIFT_ACTIVE_COMPILATION_CONDITIONS = "DEBUG $(inherited)";
				SWIFT_OPTIMIZATION_LEVEL = "-Onone";
			};
			name = Debug;
		};
		50BF5F812C4528CB006E71FA /* Release */ = {
			isa = XCBuildConfiguration;
			buildSettings = {
				ALWAYS_SEARCH_USER_PATHS = NO;
				ASSETCATALOG_COMPILER_GENERATE_SWIFT_ASSET_SYMBOL_EXTENSIONS = YES;
				CLANG_ANALYZER_NONNULL = YES;
				CLANG_ANALYZER_NUMBER_OBJECT_CONVERSION = YES_AGGRESSIVE;
				CLANG_CXX_LANGUAGE_STANDARD = "gnu++20";
				CLANG_ENABLE_MODULES = YES;
				CLANG_ENABLE_OBJC_ARC = YES;
				CLANG_ENABLE_OBJC_WEAK = YES;
				CLANG_WARN_BLOCK_CAPTURE_AUTORELEASING = YES;
				CLANG_WARN_BOOL_CONVERSION = YES;
				CLANG_WARN_COMMA = YES;
				CLANG_WARN_CONSTANT_CONVERSION = YES;
				CLANG_WARN_DEPRECATED_OBJC_IMPLEMENTATIONS = YES;
				CLANG_WARN_DIRECT_OBJC_ISA_USAGE = YES_ERROR;
				CLANG_WARN_DOCUMENTATION_COMMENTS = YES;
				CLANG_WARN_EMPTY_BODY = YES;
				CLANG_WARN_ENUM_CONVERSION = YES;
				CLANG_WARN_INFINITE_RECURSION = YES;
				CLANG_WARN_INT_CONVERSION = YES;
				CLANG_WARN_NON_LITERAL_NULL_CONVERSION = YES;
				CLANG_WARN_OBJC_IMPLICIT_RETAIN_SELF = YES;
				CLANG_WARN_OBJC_LITERAL_CONVERSION = YES;
				CLANG_WARN_OBJC_ROOT_CLASS = YES_ERROR;
				CLANG_WARN_QUOTED_INCLUDE_IN_FRAMEWORK_HEADER = YES;
				CLANG_WARN_RANGE_LOOP_ANALYSIS = YES;
				CLANG_WARN_STRICT_PROTOTYPES = YES;
				CLANG_WARN_SUSPICIOUS_MOVE = YES;
				CLANG_WARN_UNGUARDED_AVAILABILITY = YES_AGGRESSIVE;
				CLANG_WARN_UNREACHABLE_CODE = YES;
				CLANG_WARN__DUPLICATE_METHOD_MATCH = YES;
				COPY_PHASE_STRIP = NO;
				DEBUG_INFORMATION_FORMAT = "dwarf-with-dsym";
				ENABLE_NS_ASSERTIONS = NO;
				ENABLE_STRICT_OBJC_MSGSEND = YES;
				ENABLE_USER_SCRIPT_SANDBOXING = YES;
				GCC_C_LANGUAGE_STANDARD = gnu17;
				GCC_NO_COMMON_BLOCKS = YES;
				GCC_WARN_64_TO_32_BIT_CONVERSION = YES;
				GCC_WARN_ABOUT_RETURN_TYPE = YES_ERROR;
				GCC_WARN_UNDECLARED_SELECTOR = YES;
				GCC_WARN_UNINITIALIZED_AUTOS = YES_AGGRESSIVE;
				GCC_WARN_UNUSED_FUNCTION = YES;
				GCC_WARN_UNUSED_VARIABLE = YES;
				IPHONEOS_DEPLOYMENT_TARGET = 15.0;
				LOCALIZATION_PREFERS_STRING_CATALOGS = YES;
				MTL_ENABLE_DEBUG_INFO = NO;
				MTL_FAST_MATH = YES;
				SDKROOT = iphoneos;
				SWIFT_COMPILATION_MODE = wholemodule;
				VALIDATE_PRODUCT = YES;
			};
			name = Release;
		};
		50BF5F832C4528CB006E71FA /* Debug */ = {
			isa = XCBuildConfiguration;
			baseConfigurationReference = A376CDEB18562A7257D05B6F /* Pods-HelloWorld.debug.xcconfig */;
			buildSettings = {
				ASSETCATALOG_COMPILER_APPICON_NAME = AppIcon;
				ASSETCATALOG_COMPILER_GLOBAL_ACCENT_COLOR_NAME = AccentColor;
				CLANG_ENABLE_MODULES = YES;
				CODE_SIGN_STYLE = Automatic;
				CURRENT_PROJECT_VERSION = 1;
				ENABLE_USER_SCRIPT_SANDBOXING = NO;
				GENERATE_INFOPLIST_FILE = YES;
				INFOPLIST_FILE = HelloWorld/Info.plist;
				INFOPLIST_KEY_UIApplicationSupportsIndirectInputEvents = YES;
				INFOPLIST_KEY_UILaunchStoryboardName = LaunchScreen;
				INFOPLIST_KEY_UIMainStoryboardFile = Main;
				INFOPLIST_KEY_UISupportedInterfaceOrientations_iPad = "UIInterfaceOrientationPortrait UIInterfaceOrientationPortraitUpsideDown UIInterfaceOrientationLandscapeLeft UIInterfaceOrientationLandscapeRight";
				INFOPLIST_KEY_UISupportedInterfaceOrientations_iPhone = "UIInterfaceOrientationPortrait UIInterfaceOrientationLandscapeLeft UIInterfaceOrientationLandscapeRight";
				IPHONEOS_DEPLOYMENT_TARGET = 15.0;
				LD_RUNPATH_SEARCH_PATHS = (
					"$(inherited)",
					"@executable_path/Frameworks",
				);
				MARKETING_VERSION = 1.0;
				PRODUCT_BUNDLE_IDENTIFIER = com.robertnash.HelloWorld;
				PRODUCT_NAME = "$(TARGET_NAME)";
				SWIFT_EMIT_LOC_STRINGS = YES;
				SWIFT_OBJC_BRIDGING_HEADER = "HelloWorld/HelloWorld-Bridging-Header.h";
				SWIFT_OPTIMIZATION_LEVEL = "-Onone";
				SWIFT_VERSION = 5.0;
				TARGETED_DEVICE_FAMILY = "1,2";
			};
			name = Debug;
		};
		50BF5F842C4528CB006E71FA /* Release */ = {
			isa = XCBuildConfiguration;
			baseConfigurationReference = B1B00B7E75CBBBAB84AFDC99 /* Pods-HelloWorld.release.xcconfig */;
			buildSettings = {
				ASSETCATALOG_COMPILER_APPICON_NAME = AppIcon;
				ASSETCATALOG_COMPILER_GLOBAL_ACCENT_COLOR_NAME = AccentColor;
				CLANG_ENABLE_MODULES = YES;
				CODE_SIGN_STYLE = Automatic;
				CURRENT_PROJECT_VERSION = 1;
				ENABLE_USER_SCRIPT_SANDBOXING = NO;
				GENERATE_INFOPLIST_FILE = YES;
				INFOPLIST_FILE = HelloWorld/Info.plist;
				INFOPLIST_KEY_UIApplicationSupportsIndirectInputEvents = YES;
				INFOPLIST_KEY_UILaunchStoryboardName = LaunchScreen;
				INFOPLIST_KEY_UIMainStoryboardFile = Main;
				INFOPLIST_KEY_UISupportedInterfaceOrientations_iPad = "UIInterfaceOrientationPortrait UIInterfaceOrientationPortraitUpsideDown UIInterfaceOrientationLandscapeLeft UIInterfaceOrientationLandscapeRight";
				INFOPLIST_KEY_UISupportedInterfaceOrientations_iPhone = "UIInterfaceOrientationPortrait UIInterfaceOrientationLandscapeLeft UIInterfaceOrientationLandscapeRight";
				IPHONEOS_DEPLOYMENT_TARGET = 15.0;
				LD_RUNPATH_SEARCH_PATHS = (
					"$(inherited)",
					"@executable_path/Frameworks",
				);
				MARKETING_VERSION = 1.0;
				PRODUCT_BUNDLE_IDENTIFIER = com.robertnash.HelloWorld;
				PRODUCT_NAME = "$(TARGET_NAME)";
				SWIFT_EMIT_LOC_STRINGS = YES;
				SWIFT_OBJC_BRIDGING_HEADER = "HelloWorld/HelloWorld-Bridging-Header.h";
				SWIFT_VERSION = 5.0;
				TARGETED_DEVICE_FAMILY = "1,2";
			};
			name = Release;
		};
		50BF5F862C4528CB006E71FA /* Debug */ = {
			isa = XCBuildConfiguration;
			baseConfigurationReference = A9C854586EB9192D34766217 /* Pods-HelloWorldTests.debug.xcconfig */;
			buildSettings = {
				ALWAYS_EMBED_SWIFT_STANDARD_LIBRARIES = YES;
				BUNDLE_LOADER = "$(TEST_HOST)";
				CODE_SIGN_STYLE = Automatic;
				CURRENT_PROJECT_VERSION = 1;
				ENABLE_USER_SCRIPT_SANDBOXING = NO;
				GENERATE_INFOPLIST_FILE = YES;
				IPHONEOS_DEPLOYMENT_TARGET = 17.5;
				MARKETING_VERSION = 1.0;
				PRODUCT_BUNDLE_IDENTIFIER = com.robertnash.HelloWorldTests;
				PRODUCT_NAME = "$(TARGET_NAME)";
				SWIFT_EMIT_LOC_STRINGS = NO;
				SWIFT_OBJC_BRIDGING_HEADER = "HelloWorldTests/HelloWorldTests-Bridging-Header.h";
				SWIFT_VERSION = 5.0;
				TARGETED_DEVICE_FAMILY = "1,2";
				TEST_HOST = "$(BUILT_PRODUCTS_DIR)/HelloWorld.app/$(BUNDLE_EXECUTABLE_FOLDER_PATH)/HelloWorld";
			};
			name = Debug;
		};
		50BF5F872C4528CB006E71FA /* Release */ = {
			isa = XCBuildConfiguration;
			baseConfigurationReference = E2552682A1B309E05EF8D27A /* Pods-HelloWorldTests.release.xcconfig */;
			buildSettings = {
				ALWAYS_EMBED_SWIFT_STANDARD_LIBRARIES = YES;
				BUNDLE_LOADER = "$(TEST_HOST)";
				CODE_SIGN_STYLE = Automatic;
				CURRENT_PROJECT_VERSION = 1;
				ENABLE_USER_SCRIPT_SANDBOXING = NO;
				GENERATE_INFOPLIST_FILE = YES;
				IPHONEOS_DEPLOYMENT_TARGET = 17.5;
				MARKETING_VERSION = 1.0;
				PRODUCT_BUNDLE_IDENTIFIER = com.robertnash.HelloWorldTests;
				PRODUCT_NAME = "$(TARGET_NAME)";
				SWIFT_EMIT_LOC_STRINGS = NO;
				SWIFT_OBJC_BRIDGING_HEADER = "HelloWorldTests/HelloWorldTests-Bridging-Header.h";
				SWIFT_VERSION = 5.0;
				TARGETED_DEVICE_FAMILY = "1,2";
				TEST_HOST = "$(BUILT_PRODUCTS_DIR)/HelloWorld.app/$(BUNDLE_EXECUTABLE_FOLDER_PATH)/HelloWorld";
			};
			name = Release;
		};
		50BF5F892C4528CB006E71FA /* Debug */ = {
			isa = XCBuildConfiguration;
			buildSettings = {
				CODE_SIGN_STYLE = Automatic;
				CURRENT_PROJECT_VERSION = 1;
				ENABLE_USER_SCRIPT_SANDBOXING = NO;
				GENERATE_INFOPLIST_FILE = YES;
				MARKETING_VERSION = 1.0;
				PRODUCT_BUNDLE_IDENTIFIER = com.robertnash.HelloWorldUITests;
				PRODUCT_NAME = "$(TARGET_NAME)";
				SWIFT_EMIT_LOC_STRINGS = NO;
				SWIFT_VERSION = 5.0;
				TARGETED_DEVICE_FAMILY = "1,2";
				TEST_TARGET_NAME = HelloWorld;
			};
			name = Debug;
		};
		50BF5F8A2C4528CB006E71FA /* Release */ = {
			isa = XCBuildConfiguration;
			buildSettings = {
				CODE_SIGN_STYLE = Automatic;
				CURRENT_PROJECT_VERSION = 1;
				ENABLE_USER_SCRIPT_SANDBOXING = NO;
				GENERATE_INFOPLIST_FILE = YES;
				MARKETING_VERSION = 1.0;
				PRODUCT_BUNDLE_IDENTIFIER = com.robertnash.HelloWorldUITests;
				PRODUCT_NAME = "$(TARGET_NAME)";
				SWIFT_EMIT_LOC_STRINGS = NO;
				SWIFT_VERSION = 5.0;
				TARGETED_DEVICE_FAMILY = "1,2";
				TEST_TARGET_NAME = HelloWorld;
			};
			name = Release;
		};
/* End XCBuildConfiguration section */

/* Begin XCConfigurationList section */
		50BF5F532C4528CA006E71FA /* Build configuration list for PBXProject "HelloWorld" */ = {
			isa = XCConfigurationList;
			buildConfigurations = (
				50BF5F802C4528CB006E71FA /* Debug */,
				50BF5F812C4528CB006E71FA /* Release */,
			);
			defaultConfigurationIsVisible = 0;
			defaultConfigurationName = Release;
		};
		50BF5F822C4528CB006E71FA /* Build configuration list for PBXNativeTarget "HelloWorld" */ = {
			isa = XCConfigurationList;
			buildConfigurations = (
				50BF5F832C4528CB006E71FA /* Debug */,
				50BF5F842C4528CB006E71FA /* Release */,
			);
			defaultConfigurationIsVisible = 0;
			defaultConfigurationName = Release;
		};
		50BF5F852C4528CB006E71FA /* Build configuration list for PBXNativeTarget "HelloWorldTests" */ = {
			isa = XCConfigurationList;
			buildConfigurations = (
				50BF5F862C4528CB006E71FA /* Debug */,
				50BF5F872C4528CB006E71FA /* Release */,
			);
			defaultConfigurationIsVisible = 0;
			defaultConfigurationName = Release;
		};
		50BF5F882C4528CB006E71FA /* Build configuration list for PBXNativeTarget "HelloWorldUITests" */ = {
			isa = XCConfigurationList;
			buildConfigurations = (
				50BF5F892C4528CB006E71FA /* Debug */,
				50BF5F8A2C4528CB006E71FA /* Release */,
			);
			defaultConfigurationIsVisible = 0;
			defaultConfigurationName = Release;
		};
/* End XCConfigurationList section */

/* Begin XCRemoteSwiftPackageReference section */
		50AA59A22C4532410062AE2B /* XCRemoteSwiftPackageReference "playing-cards" */ = {
			isa = XCRemoteSwiftPackageReference;
			repositoryURL = "https://github.com/nashysolutions/playing-cards.git";
			requirement = {
				kind = exactVersion;
				version = 1.0.0;
			};
		};
/* End XCRemoteSwiftPackageReference section */

/* Begin XCSwiftPackageProductDependency section */
		50AA59A32C4532410062AE2B /* PlayingCards */ = {
			isa = XCSwiftPackageProductDependency;
			package = 50AA59A22C4532410062AE2B /* XCRemoteSwiftPackageReference "playing-cards" */;
			productName = PlayingCards;
		};
/* End XCSwiftPackageProductDependency section */
	};
	rootObject = 50BF5F502C4528CA006E71FA /* Project object */;
}
